// !$*UTF8*$!
{
	archiveVersion = 1;
	classes = {
	};
	objectVersion = 48;
	objects = {

/* Begin PBXBuildFile section */
		C738DCF483AF35D25F4A8720 /* Pods_tempproj_mdavia.framework in Frameworks */ = {isa = PBXBuildFile; fileRef = C54A0361CCC1D710BE4F831F /* Pods_tempproj_mdavia.framework */; };
		C809FE3C20605B8900843233 /* AppDelegate.swift in Sources */ = {isa = PBXBuildFile; fileRef = C809FE3B20605B8900843233 /* AppDelegate.swift */; };
		C809FE3E20605B8900843233 /* LoginViewController.swift in Sources */ = {isa = PBXBuildFile; fileRef = C809FE3D20605B8900843233 /* LoginViewController.swift */; };
		C809FE4020605B8900843233 /* OverviewViewController.swift in Sources */ = {isa = PBXBuildFile; fileRef = C809FE3F20605B8900843233 /* OverviewViewController.swift */; };
		C809FE4320605B8900843233 /* Main.storyboard in Resources */ = {isa = PBXBuildFile; fileRef = C809FE4120605B8900843233 /* Main.storyboard */; };
		C809FE4520605B8900843233 /* Assets.xcassets in Resources */ = {isa = PBXBuildFile; fileRef = C809FE4420605B8900843233 /* Assets.xcassets */; };
		C809FE4820605B8900843233 /* LaunchScreen.storyboard in Resources */ = {isa = PBXBuildFile; fileRef = C809FE4620605B8900843233 /* LaunchScreen.storyboard */; };
		C809FE5020605C3D00843233 /* GoogleService-Info.plist in Resources */ = {isa = PBXBuildFile; fileRef = C809FE4F20605C3D00843233 /* GoogleService-Info.plist */; };
		C81F64CF2062F09B004CD71E /* ProfileViewController.swift in Sources */ = {isa = PBXBuildFile; fileRef = C81F64CE2062F09B004CD71E /* ProfileViewController.swift */; };
		C81F64D120632644004CD71E /* SearchViewController.swift in Sources */ = {isa = PBXBuildFile; fileRef = C81F64D020632644004CD71E /* SearchViewController.swift */; };
/* End PBXBuildFile section */

/* Begin PBXFileReference section */
		4583051F436F1BAFA6DEE243 /* Pods-tempproj-mdavia.debug.xcconfig */ = {isa = PBXFileReference; includeInIndex = 1; lastKnownFileType = text.xcconfig; name = "Pods-tempproj-mdavia.debug.xcconfig"; path = "Pods/Target Support Files/Pods-tempproj-mdavia/Pods-tempproj-mdavia.debug.xcconfig"; sourceTree = "<group>"; };
		C54A0361CCC1D710BE4F831F /* Pods_tempproj_mdavia.framework */ = {isa = PBXFileReference; explicitFileType = wrapper.framework; includeInIndex = 0; path = Pods_tempproj_mdavia.framework; sourceTree = BUILT_PRODUCTS_DIR; };
		C809FE3820605B8900843233 /* tempproj-mdavia.app */ = {isa = PBXFileReference; explicitFileType = wrapper.application; includeInIndex = 0; path = "tempproj-mdavia.app"; sourceTree = BUILT_PRODUCTS_DIR; };
		C809FE3B20605B8900843233 /* AppDelegate.swift */ = {isa = PBXFileReference; lastKnownFileType = sourcecode.swift; path = AppDelegate.swift; sourceTree = "<group>"; };
		C809FE3D20605B8900843233 /* LoginViewController.swift */ = {isa = PBXFileReference; lastKnownFileType = sourcecode.swift; path = LoginViewController.swift; sourceTree = "<group>"; };
		C809FE3F20605B8900843233 /* OverviewViewController.swift */ = {isa = PBXFileReference; lastKnownFileType = sourcecode.swift; path = OverviewViewController.swift; sourceTree = "<group>"; };
		C809FE4220605B8900843233 /* Base */ = {isa = PBXFileReference; lastKnownFileType = file.storyboard; name = Base; path = Base.lproj/Main.storyboard; sourceTree = "<group>"; };
		C809FE4420605B8900843233 /* Assets.xcassets */ = {isa = PBXFileReference; lastKnownFileType = folder.assetcatalog; path = Assets.xcassets; sourceTree = "<group>"; };
		C809FE4720605B8900843233 /* Base */ = {isa = PBXFileReference; lastKnownFileType = file.storyboard; name = Base; path = Base.lproj/LaunchScreen.storyboard; sourceTree = "<group>"; };
		C809FE4920605B8900843233 /* Info.plist */ = {isa = PBXFileReference; lastKnownFileType = text.plist.xml; path = Info.plist; sourceTree = "<group>"; };
		C809FE4F20605C3D00843233 /* GoogleService-Info.plist */ = {isa = PBXFileReference; fileEncoding = 4; lastKnownFileType = text.plist.xml; path = "GoogleService-Info.plist"; sourceTree = "<group>"; };
		C81F64CE2062F09B004CD71E /* ProfileViewController.swift */ = {isa = PBXFileReference; lastKnownFileType = sourcecode.swift; path = ProfileViewController.swift; sourceTree = "<group>"; };
		C81F64D020632644004CD71E /* SearchViewController.swift */ = {isa = PBXFileReference; lastKnownFileType = sourcecode.swift; path = SearchViewController.swift; sourceTree = "<group>"; };
		C88D3B3E206177C800452724 /* tempproj-mdavia.entitlements */ = {isa = PBXFileReference; lastKnownFileType = text.plist.entitlements; path = "tempproj-mdavia.entitlements"; sourceTree = "<group>"; };
		FED6C1B1AB2DF4DEE35A0701 /* Pods-tempproj-mdavia.release.xcconfig */ = {isa = PBXFileReference; includeInIndex = 1; lastKnownFileType = text.xcconfig; name = "Pods-tempproj-mdavia.release.xcconfig"; path = "Pods/Target Support Files/Pods-tempproj-mdavia/Pods-tempproj-mdavia.release.xcconfig"; sourceTree = "<group>"; };
/* End PBXFileReference section */

/* Begin PBXFrameworksBuildPhase section */
		C809FE3520605B8900843233 /* Frameworks */ = {
			isa = PBXFrameworksBuildPhase;
			buildActionMask = 2147483647;
			files = (
				C738DCF483AF35D25F4A8720 /* Pods_tempproj_mdavia.framework in Frameworks */,
			);
			runOnlyForDeploymentPostprocessing = 0;
		};
/* End PBXFrameworksBuildPhase section */

/* Begin PBXGroup section */
		695EB9DDF0419400B12CB688 /* Pods */ = {
			isa = PBXGroup;
			children = (
				4583051F436F1BAFA6DEE243 /* Pods-tempproj-mdavia.debug.xcconfig */,
				FED6C1B1AB2DF4DEE35A0701 /* Pods-tempproj-mdavia.release.xcconfig */,
			);
			name = Pods;
			sourceTree = "<group>";
		};
		C809FE2F20605B8900843233 = {
			isa = PBXGroup;
			children = (
				C809FE3A20605B8900843233 /* tempproj-mdavia */,
				C809FE3920605B8900843233 /* Products */,
				695EB9DDF0419400B12CB688 /* Pods */,
				DE1E6097A08F69B963AB13C2 /* Frameworks */,
			);
			sourceTree = "<group>";
		};
		C809FE3920605B8900843233 /* Products */ = {
			isa = PBXGroup;
			children = (
				C809FE3820605B8900843233 /* tempproj-mdavia.app */,
			);
			name = Products;
			sourceTree = "<group>";
		};
		C809FE3A20605B8900843233 /* tempproj-mdavia */ = {
			isa = PBXGroup;
			children = (
				C88D3B3E206177C800452724 /* tempproj-mdavia.entitlements */,
				C809FE4F20605C3D00843233 /* GoogleService-Info.plist */,
				C809FE3B20605B8900843233 /* AppDelegate.swift */,
				C809FE3D20605B8900843233 /* LoginViewController.swift */,
				C81F64CE2062F09B004CD71E /* ProfileViewController.swift */,
				C809FE3F20605B8900843233 /* OverviewViewController.swift */,
				C81F64D020632644004CD71E /* SearchViewController.swift */,
				C809FE4120605B8900843233 /* Main.storyboard */,
				C809FE4420605B8900843233 /* Assets.xcassets */,
				C809FE4620605B8900843233 /* LaunchScreen.storyboard */,
				C809FE4920605B8900843233 /* Info.plist */,
			);
			path = "tempproj-mdavia";
			sourceTree = "<group>";
		};
		DE1E6097A08F69B963AB13C2 /* Frameworks */ = {
			isa = PBXGroup;
			children = (
				C54A0361CCC1D710BE4F831F /* Pods_tempproj_mdavia.framework */,
			);
			name = Frameworks;
			sourceTree = "<group>";
		};
/* End PBXGroup section */

/* Begin PBXNativeTarget section */
		C809FE3720605B8900843233 /* tempproj-mdavia */ = {
			isa = PBXNativeTarget;
			buildConfigurationList = C809FE4C20605B8900843233 /* Build configuration list for PBXNativeTarget "tempproj-mdavia" */;
			buildPhases = (
				57A2AB0674B41ED8CC33FC17 /* [CP] Check Pods Manifest.lock */,
				C809FE3420605B8900843233 /* Sources */,
				C809FE3520605B8900843233 /* Frameworks */,
				C809FE3620605B8900843233 /* Resources */,
				2CC1BB9EDF81A67D2CEAFB78 /* [CP] Embed Pods Frameworks */,
				74F1E133282A819865C1BC63 /* [CP] Copy Pods Resources */,
			);
			buildRules = (
			);
			dependencies = (
			);
			name = "tempproj-mdavia";
			productName = "tempproj-mdavia";
			productReference = C809FE3820605B8900843233 /* tempproj-mdavia.app */;
			productType = "com.apple.product-type.application";
		};
/* End PBXNativeTarget section */

/* Begin PBXProject section */
		C809FE3020605B8900843233 /* Project object */ = {
			isa = PBXProject;
			attributes = {
				LastSwiftUpdateCheck = 0910;
				LastUpgradeCheck = 0910;
				ORGANIZATIONNAME = "Alex Otpushchenko";
				TargetAttributes = {
					C809FE3720605B8900843233 = {
						CreatedOnToolsVersion = 9.1;
						ProvisioningStyle = Automatic;
						SystemCapabilities = {
							com.apple.Push = {
								enabled = 1;
							};
						};
					};
				};
			};
			buildConfigurationList = C809FE3320605B8900843233 /* Build configuration list for PBXProject "tempproj-mdavia" */;
			compatibilityVersion = "Xcode 8.0";
			developmentRegion = en;
			hasScannedForEncodings = 0;
			knownRegions = (
				en,
				Base,
			);
			mainGroup = C809FE2F20605B8900843233;
			productRefGroup = C809FE3920605B8900843233 /* Products */;
			projectDirPath = "";
			projectRoot = "";
			targets = (
				C809FE3720605B8900843233 /* tempproj-mdavia */,
			);
		};
/* End PBXProject section */

/* Begin PBXResourcesBuildPhase section */
		C809FE3620605B8900843233 /* Resources */ = {
			isa = PBXResourcesBuildPhase;
			buildActionMask = 2147483647;
			files = (
				C809FE4820605B8900843233 /* LaunchScreen.storyboard in Resources */,
				C809FE5020605C3D00843233 /* GoogleService-Info.plist in Resources */,
				C809FE4520605B8900843233 /* Assets.xcassets in Resources */,
				C809FE4320605B8900843233 /* Main.storyboard in Resources */,
			);
			runOnlyForDeploymentPostprocessing = 0;
		};
/* End PBXResourcesBuildPhase section */

/* Begin PBXShellScriptBuildPhase section */
		2CC1BB9EDF81A67D2CEAFB78 /* [CP] Embed Pods Frameworks */ = {
			isa = PBXShellScriptBuildPhase;
			buildActionMask = 2147483647;
			files = (
			);
			inputPaths = (
				"${SRCROOT}/Pods/Target Support Files/Pods-tempproj-mdavia/Pods-tempproj-mdavia-frameworks.sh",
				"${BUILT_PRODUCTS_DIR}/GTMOAuth2/GTMOAuth2.framework",
				"${BUILT_PRODUCTS_DIR}/GTMSessionFetcher/GTMSessionFetcher.framework",
				"${BUILT_PRODUCTS_DIR}/GoogleToolboxForMac/GoogleToolboxForMac.framework",
				"${BUILT_PRODUCTS_DIR}/leveldb-library/leveldb.framework",
				"${BUILT_PRODUCTS_DIR}/nanopb/nanopb.framework",
			);
			name = "[CP] Embed Pods Frameworks";
			outputPaths = (
				"${TARGET_BUILD_DIR}/${FRAMEWORKS_FOLDER_PATH}/GTMOAuth2.framework",
				"${TARGET_BUILD_DIR}/${FRAMEWORKS_FOLDER_PATH}/GTMSessionFetcher.framework",
				"${TARGET_BUILD_DIR}/${FRAMEWORKS_FOLDER_PATH}/GoogleToolboxForMac.framework",
				"${TARGET_BUILD_DIR}/${FRAMEWORKS_FOLDER_PATH}/leveldb.framework",
				"${TARGET_BUILD_DIR}/${FRAMEWORKS_FOLDER_PATH}/nanopb.framework",
			);
			runOnlyForDeploymentPostprocessing = 0;
			shellPath = /bin/sh;
			shellScript = "\"${SRCROOT}/Pods/Target Support Files/Pods-tempproj-mdavia/Pods-tempproj-mdavia-frameworks.sh\"\n";
			showEnvVarsInLog = 0;
		};
		57A2AB0674B41ED8CC33FC17 /* [CP] Check Pods Manifest.lock */ = {
			isa = PBXShellScriptBuildPhase;
			buildActionMask = 2147483647;
			files = (
			);
			inputPaths = (
				"${PODS_PODFILE_DIR_PATH}/Podfile.lock",
				"${PODS_ROOT}/Manifest.lock",
			);
			name = "[CP] Check Pods Manifest.lock";
			outputPaths = (
				"$(DERIVED_FILE_DIR)/Pods-tempproj-mdavia-checkManifestLockResult.txt",
			);
			runOnlyForDeploymentPostprocessing = 0;
			shellPath = /bin/sh;
			shellScript = "diff \"${PODS_PODFILE_DIR_PATH}/Podfile.lock\" \"${PODS_ROOT}/Manifest.lock\" > /dev/null\nif [ $? != 0 ] ; then\n    # print error to STDERR\n    echo \"error: The sandbox is not in sync with the Podfile.lock. Run 'pod install' or update your CocoaPods installation.\" >&2\n    exit 1\nfi\n# This output is used by Xcode 'outputs' to avoid re-running this script phase.\necho \"SUCCESS\" > \"${SCRIPT_OUTPUT_FILE_0}\"\n";
			showEnvVarsInLog = 0;
		};
		74F1E133282A819865C1BC63 /* [CP] Copy Pods Resources */ = {
			isa = PBXShellScriptBuildPhase;
			buildActionMask = 2147483647;
			files = (
			);
			inputPaths = (
				"${SRCROOT}/Pods/Target Support Files/Pods-tempproj-mdavia/Pods-tempproj-mdavia-resources.sh",
				"${PODS_ROOT}/GoogleSignIn/Resources/GoogleSignIn.bundle",
			);
			name = "[CP] Copy Pods Resources";
			outputPaths = (
				"${TARGET_BUILD_DIR}/${UNLOCALIZED_RESOURCES_FOLDER_PATH}/GoogleSignIn.bundle",
			);
			runOnlyForDeploymentPostprocessing = 0;
			shellPath = /bin/sh;
			shellScript = "\"${SRCROOT}/Pods/Target Support Files/Pods-tempproj-mdavia/Pods-tempproj-mdavia-resources.sh\"\n";
			showEnvVarsInLog = 0;
		};
/* End PBXShellScriptBuildPhase section */

/* Begin PBXSourcesBuildPhase section */
		C809FE3420605B8900843233 /* Sources */ = {
			isa = PBXSourcesBuildPhase;
			buildActionMask = 2147483647;
			files = (
				C81F64D120632644004CD71E /* SearchViewController.swift in Sources */,
				C809FE4020605B8900843233 /* OverviewViewController.swift in Sources */,
				C809FE3C20605B8900843233 /* AppDelegate.swift in Sources */,
				C81F64CF2062F09B004CD71E /* ProfileViewController.swift in Sources */,
				C809FE3E20605B8900843233 /* LoginViewController.swift in Sources */,
			);
			runOnlyForDeploymentPostprocessing = 0;
		};
/* End PBXSourcesBuildPhase section */

/* Begin PBXVariantGroup section */
		C809FE4120605B8900843233 /* Main.storyboard */ = {
			isa = PBXVariantGroup;
			children = (
				C809FE4220605B8900843233 /* Base */,
			);
			name = Main.storyboard;
			sourceTree = "<group>";
		};
		C809FE4620605B8900843233 /* LaunchScreen.storyboard */ = {
			isa = PBXVariantGroup;
			children = (
				C809FE4720605B8900843233 /* Base */,
			);
			name = LaunchScreen.storyboard;
			sourceTree = "<group>";
		};
/* End PBXVariantGroup section */

/* Begin XCBuildConfiguration section */
		C809FE4A20605B8900843233 /* Debug */ = {
			isa = XCBuildConfiguration;
			buildSettings = {
				ALWAYS_SEARCH_USER_PATHS = NO;
				CLANG_ANALYZER_NONNULL = YES;
				CLANG_ANALYZER_NUMBER_OBJECT_CONVERSION = YES_AGGRESSIVE;
				CLANG_CXX_LANGUAGE_STANDARD = "gnu++14";
				CLANG_CXX_LIBRARY = "libc++";
				CLANG_ENABLE_MODULES = YES;
				CLANG_ENABLE_OBJC_ARC = YES;
				CLANG_WARN_BLOCK_CAPTURE_AUTORELEASING = YES;
				CLANG_WARN_BOOL_CONVERSION = YES;
				CLANG_WARN_COMMA = YES;
				CLANG_WARN_CONSTANT_CONVERSION = YES;
				CLANG_WARN_DIRECT_OBJC_ISA_USAGE = YES_ERROR;
				CLANG_WARN_DOCUMENTATION_COMMENTS = YES;
				CLANG_WARN_EMPTY_BODY = YES;
				CLANG_WARN_ENUM_CONVERSION = YES;
				CLANG_WARN_INFINITE_RECURSION = YES;
				CLANG_WARN_INT_CONVERSION = YES;
				CLANG_WARN_NON_LITERAL_NULL_CONVERSION = YES;
				CLANG_WARN_OBJC_LITERAL_CONVERSION = YES;
				CLANG_WARN_OBJC_ROOT_CLASS = YES_ERROR;
				CLANG_WARN_RANGE_LOOP_ANALYSIS = YES;
				CLANG_WARN_STRICT_PROTOTYPES = YES;
				CLANG_WARN_SUSPICIOUS_MOVE = YES;
				CLANG_WARN_UNGUARDED_AVAILABILITY = YES_AGGRESSIVE;
				CLANG_WARN_UNREACHABLE_CODE = YES;
				CLANG_WARN__DUPLICATE_METHOD_MATCH = YES;
				CODE_SIGN_IDENTITY = "iPhone Developer";
				COPY_PHASE_STRIP = NO;
				DEBUG_INFORMATION_FORMAT = dwarf;
				ENABLE_STRICT_OBJC_MSGSEND = YES;
				ENABLE_TESTABILITY = YES;
				GCC_C_LANGUAGE_STANDARD = gnu11;
				GCC_DYNAMIC_NO_PIC = NO;
				GCC_NO_COMMON_BLOCKS = YES;
				GCC_OPTIMIZATION_LEVEL = 0;
				GCC_PREPROCESSOR_DEFINITIONS = (
					"DEBUG=1",
					"$(inherited)",
				);
				GCC_WARN_64_TO_32_BIT_CONVERSION = YES;
				GCC_WARN_ABOUT_RETURN_TYPE = YES_ERROR;
				GCC_WARN_UNDECLARED_SELECTOR = YES;
				GCC_WARN_UNINITIALIZED_AUTOS = YES_AGGRESSIVE;
				GCC_WARN_UNUSED_FUNCTION = YES;
				GCC_WARN_UNUSED_VARIABLE = YES;
				IPHONEOS_DEPLOYMENT_TARGET = 11.1;
				MTL_ENABLE_DEBUG_INFO = YES;
				ONLY_ACTIVE_ARCH = YES;
				SDKROOT = iphoneos;
				SWIFT_ACTIVE_COMPILATION_CONDITIONS = DEBUG;
				SWIFT_OPTIMIZATION_LEVEL = "-Onone";
			};
			name = Debug;
		};
		C809FE4B20605B8900843233 /* Release */ = {
			isa = XCBuildConfiguration;
			buildSettings = {
				ALWAYS_SEARCH_USER_PATHS = NO;
				CLANG_ANALYZER_NONNULL = YES;
				CLANG_ANALYZER_NUMBER_OBJECT_CONVERSION = YES_AGGRESSIVE;
				CLANG_CXX_LANGUAGE_STANDARD = "gnu++14";
				CLANG_CXX_LIBRARY = "libc++";
				CLANG_ENABLE_MODULES = YES;
				CLANG_ENABLE_OBJC_ARC = YES;
				CLANG_WARN_BLOCK_CAPTURE_AUTORELEASING = YES;
				CLANG_WARN_BOOL_CONVERSION = YES;
				CLANG_WARN_COMMA = YES;
				CLANG_WARN_CONSTANT_CONVERSION = YES;
				CLANG_WARN_DIRECT_OBJC_ISA_USAGE = YES_ERROR;
				CLANG_WARN_DOCUMENTATION_COMMENTS = YES;
				CLANG_WARN_EMPTY_BODY = YES;
				CLANG_WARN_ENUM_CONVERSION = YES;
				CLANG_WARN_INFINITE_RECURSION = YES;
				CLANG_WARN_INT_CONVERSION = YES;
				CLANG_WARN_NON_LITERAL_NULL_CONVERSION = YES;
				CLANG_WARN_OBJC_LITERAL_CONVERSION = YES;
				CLANG_WARN_OBJC_ROOT_CLASS = YES_ERROR;
				CLANG_WARN_RANGE_LOOP_ANALYSIS = YES;
				CLANG_WARN_STRICT_PROTOTYPES = YES;
				CLANG_WARN_SUSPICIOUS_MOVE = YES;
				CLANG_WARN_UNGUARDED_AVAILABILITY = YES_AGGRESSIVE;
				CLANG_WARN_UNREACHABLE_CODE = YES;
				CLANG_WARN__DUPLICATE_METHOD_MATCH = YES;
				CODE_SIGN_IDENTITY = "iPhone Developer";
				COPY_PHASE_STRIP = NO;
				DEBUG_INFORMATION_FORMAT = "dwarf-with-dsym";
				ENABLE_NS_ASSERTIONS = NO;
				ENABLE_STRICT_OBJC_MSGSEND = YES;
				GCC_C_LANGUAGE_STANDARD = gnu11;
				GCC_NO_COMMON_BLOCKS = YES;
				GCC_WARN_64_TO_32_BIT_CONVERSION = YES;
				GCC_WARN_ABOUT_RETURN_TYPE = YES_ERROR;
				GCC_WARN_UNDECLARED_SELECTOR = YES;
				GCC_WARN_UNINITIALIZED_AUTOS = YES_AGGRESSIVE;
				GCC_WARN_UNUSED_FUNCTION = YES;
				GCC_WARN_UNUSED_VARIABLE = YES;
				IPHONEOS_DEPLOYMENT_TARGET = 11.1;
				MTL_ENABLE_DEBUG_INFO = NO;
				SDKROOT = iphoneos;
				SWIFT_OPTIMIZATION_LEVEL = "-Owholemodule";
				VALIDATE_PRODUCT = YES;
			};
			name = Release;
		};
		C809FE4D20605B8900843233 /* Debug */ = {
			isa = XCBuildConfiguration;
			baseConfigurationReference = 4583051F436F1BAFA6DEE243 /* Pods-tempproj-mdavia.debug.xcconfig */;
			buildSettings = {
				ASSETCATALOG_COMPILER_APPICON_NAME = AppIcon;
				CODE_SIGN_ENTITLEMENTS = "tempproj-mdavia/tempproj-mdavia.entitlements";
				CODE_SIGN_STYLE = Automatic;
				DEVELOPMENT_TEAM = JTS2Z7UF8T;
				INFOPLIST_FILE = "tempproj-mdavia/Info.plist";
				LD_RUNPATH_SEARCH_PATHS = "$(inherited) @executable_path/Frameworks";
				PRODUCT_BUNDLE_IDENTIFIER = "Alexand00r-Co.tempproj-mdavia";
				PRODUCT_NAME = "$(TARGET_NAME)";
				SWIFT_VERSION = 4.0;
				TARGETED_DEVICE_FAMILY = "1,2";
			};
			name = Debug;
		};
		C809FE4E20605B8900843233 /* Release */ = {
			isa = XCBuildConfiguration;
			baseConfigurationReference = FED6C1B1AB2DF4DEE35A0701 /* Pods-tempproj-mdavia.release.xcconfig */;
			buildSettings = {
				ASSETCATALOG_COMPILER_APPICON_NAME = AppIcon;
				CODE_SIGN_ENTITLEMENTS = "tempproj-mdavia/tempproj-mdavia.entitlements";
				CODE_SIGN_STYLE = Automatic;
				DEVELOPMENT_TEAM = JTS2Z7UF8T;
				INFOPLIST_FILE = "tempproj-mdavia/Info.plist";
				LD_RUNPATH_SEARCH_PATHS = "$(inherited) @executable_path/Frameworks";
				PRODUCT_BUNDLE_IDENTIFIER = "Alexand00r-Co.tempproj-mdavia";
				PRODUCT_NAME = "$(TARGET_NAME)";
				SWIFT_VERSION = 4.0;
				TARGETED_DEVICE_FAMILY = "1,2";
			};
			name = Release;
		};
/* End XCBuildConfiguration section */

/* Begin XCConfigurationList section */
		C809FE3320605B8900843233 /* Build configuration list for PBXProject "tempproj-mdavia" */ = {
			isa = XCConfigurationList;
			buildConfigurations = (
				C809FE4A20605B8900843233 /* Debug */,
				C809FE4B20605B8900843233 /* Release */,
			);
			defaultConfigurationIsVisible = 0;
			defaultConfigurationName = Release;
		};
		C809FE4C20605B8900843233 /* Build configuration list for PBXNativeTarget "tempproj-mdavia" */ = {
			isa = XCConfigurationList;
			buildConfigurations = (
				C809FE4D20605B8900843233 /* Debug */,
				C809FE4E20605B8900843233 /* Release */,
			);
			defaultConfigurationIsVisible = 0;
			defaultConfigurationName = Release;
		};
/* End XCConfigurationList section */
	};
	rootObject = C809FE3020605B8900843233 /* Project object */;
}
